
Microsoft Visual Studio Solution File, Format Version 12.00
# Visual Studio Version 17
VisualStudioVersion = 17.10.34916.146
MinimumVisualStudioVersion = 10.0.40219.1
Project("{FAE04EC0-301F-11D3-BF4B-00C04F79EFBC}") = "LeetCodeTests", "LeetCodeTests\LeetCodeTests.csproj", "{F28D4C59-33DC-419E-B072-723F9FAF88F5}"
EndProject
Global
	GlobalSection(SolutionConfigurationPlatforms) = preSolution
		Debug|Any CPU = Debug|Any CPU
		Release|Any CPU = Release|Any CPU
	EndGlobalSection
	GlobalSection(ProjectConfigurationPlatforms) = postSolution
		{F28D4C59-33DC-419E-B072-723F9FAF88F5}.Debug|Any CPU.ActiveCfg = Debug|Any CPU
		{F28D4C59-33DC-419E-B072-723F9FAF88F5}.Debug|Any CPU.Build.0 = Debug|Any CPU
		{F28D4C59-33DC-419E-B072-723F9FAF88F5}.Release|Any CPU.ActiveCfg = Release|Any CPU
		{F28D4C59-33DC-419E-B072-723F9FAF88F5}.Release|Any CPU.Build.0 = Release|Any CPU
	EndGlobalSection
	GlobalSection(SolutionProperties) = preSolution
		HideSolutionNode = FALSE
	EndGlobalSection
	GlobalSection(ExtensibilityGlobals) = postSolution
		SolutionGuid = {2BE107FE-1861-406E-9214-12C00C70524F}
	EndGlobalSection
EndGlobal
